// !$*UTF8*$!
{
	archiveVersion = 1;
	classes = {
	};
	objectVersion = 50;
	objects = {

/* Begin PBXBuildFile section */
		AD26B9FC24224891001B9DFB /* AppDelegate.swift in Sources */ = {isa = PBXBuildFile; fileRef = AD26B9FB24224891001B9DFB /* AppDelegate.swift */; };
		AD26BA0024224891001B9DFB /* FirstViewController.swift in Sources */ = {isa = PBXBuildFile; fileRef = AD26B9FF24224891001B9DFB /* FirstViewController.swift */; };
		AD26BA0324224891001B9DFB /* Main.storyboard in Resources */ = {isa = PBXBuildFile; fileRef = AD26BA0124224891001B9DFB /* Main.storyboard */; };
		AD26BA0524224894001B9DFB /* Assets.xcassets in Resources */ = {isa = PBXBuildFile; fileRef = AD26BA0424224894001B9DFB /* Assets.xcassets */; };
		AD26BA0824224894001B9DFB /* LaunchScreen.storyboard in Resources */ = {isa = PBXBuildFile; fileRef = AD26BA0624224894001B9DFB /* LaunchScreen.storyboard */; };
		AD26BA1024224DEE001B9DFB /* SecondViewController.swift in Sources */ = {isa = PBXBuildFile; fileRef = AD26BA0F24224DEE001B9DFB /* SecondViewController.swift */; };
		AD26BA1224224DFE001B9DFB /* ThirdViewController.swift in Sources */ = {isa = PBXBuildFile; fileRef = AD26BA1124224DFE001B9DFB /* ThirdViewController.swift */; };
		AD26BA1424224E09001B9DFB /* ModalViewController.swift in Sources */ = {isa = PBXBuildFile; fileRef = AD26BA1324224E09001B9DFB /* ModalViewController.swift */; };
		AD26BA162422506D001B9DFB /* UserDefaultsRepositories.swift in Sources */ = {isa = PBXBuildFile; fileRef = AD26BA152422506D001B9DFB /* UserDefaultsRepositories.swift */; };
		AD26BA18242262E8001B9DFB /* Settings.bundle in Resources */ = {isa = PBXBuildFile; fileRef = AD26BA17242262E8001B9DFB /* Settings.bundle */; };
/* End PBXBuildFile section */

/* Begin PBXFileReference section */
		AD26B9F824224891001B9DFB /* UserDefaultsObserver.app */ = {isa = PBXFileReference; explicitFileType = wrapper.application; includeInIndex = 0; path = UserDefaultsObserver.app; sourceTree = BUILT_PRODUCTS_DIR; };
		AD26B9FB24224891001B9DFB /* AppDelegate.swift */ = {isa = PBXFileReference; lastKnownFileType = sourcecode.swift; path = AppDelegate.swift; sourceTree = "<group>"; };
		AD26B9FF24224891001B9DFB /* FirstViewController.swift */ = {isa = PBXFileReference; lastKnownFileType = sourcecode.swift; path = FirstViewController.swift; sourceTree = "<group>"; };
		AD26BA0224224891001B9DFB /* Base */ = {isa = PBXFileReference; lastKnownFileType = file.storyboard; name = Base; path = Base.lproj/Main.storyboard; sourceTree = "<group>"; };
		AD26BA0424224894001B9DFB /* Assets.xcassets */ = {isa = PBXFileReference; lastKnownFileType = folder.assetcatalog; path = Assets.xcassets; sourceTree = "<group>"; };
		AD26BA0724224894001B9DFB /* Base */ = {isa = PBXFileReference; lastKnownFileType = file.storyboard; name = Base; path = Base.lproj/LaunchScreen.storyboard; sourceTree = "<group>"; };
		AD26BA0924224894001B9DFB /* Info.plist */ = {isa = PBXFileReference; lastKnownFileType = text.plist.xml; path = Info.plist; sourceTree = "<group>"; };
		AD26BA0F24224DEE001B9DFB /* SecondViewController.swift */ = {isa = PBXFileReference; lastKnownFileType = sourcecode.swift; path = SecondViewController.swift; sourceTree = "<group>"; };
		AD26BA1124224DFE001B9DFB /* ThirdViewController.swift */ = {isa = PBXFileReference; lastKnownFileType = sourcecode.swift; path = ThirdViewController.swift; sourceTree = "<group>"; };
		AD26BA1324224E09001B9DFB /* ModalViewController.swift */ = {isa = PBXFileReference; lastKnownFileType = sourcecode.swift; path = ModalViewController.swift; sourceTree = "<group>"; };
		AD26BA152422506D001B9DFB /* UserDefaultsRepositories.swift */ = {isa = PBXFileReference; lastKnownFileType = sourcecode.swift; path = UserDefaultsRepositories.swift; sourceTree = "<group>"; };
		AD26BA17242262E8001B9DFB /* Settings.bundle */ = {isa = PBXFileReference; lastKnownFileType = "wrapper.plug-in"; path = Settings.bundle; sourceTree = "<group>"; };
/* End PBXFileReference section */

/* Begin PBXFrameworksBuildPhase section */
		AD26B9F524224891001B9DFB /* Frameworks */ = {
			isa = PBXFrameworksBuildPhase;
			buildActionMask = 2147483647;
			files = (
			);
			runOnlyForDeploymentPostprocessing = 0;
		};
/* End PBXFrameworksBuildPhase section */

/* Begin PBXGroup section */
		AD26B9EF24224891001B9DFB = {
			isa = PBXGroup;
			children = (
				AD26B9FA24224891001B9DFB /* UserDefaultsObserver */,
				AD26B9F924224891001B9DFB /* Products */,
			);
			sourceTree = "<group>";
		};
		AD26B9F924224891001B9DFB /* Products */ = {
			isa = PBXGroup;
			children = (
				AD26B9F824224891001B9DFB /* UserDefaultsObserver.app */,
			);
			name = Products;
			sourceTree = "<group>";
		};
		AD26B9FA24224891001B9DFB /* UserDefaultsObserver */ = {
			isa = PBXGroup;
			children = (
				AD26B9FB24224891001B9DFB /* AppDelegate.swift */,
				AD26BA0124224891001B9DFB /* Main.storyboard */,
				AD26BA152422506D001B9DFB /* UserDefaultsRepositories.swift */,
				AD26B9FF24224891001B9DFB /* FirstViewController.swift */,
				AD26BA0F24224DEE001B9DFB /* SecondViewController.swift */,
				AD26BA1124224DFE001B9DFB /* ThirdViewController.swift */,
				AD26BA1324224E09001B9DFB /* ModalViewController.swift */,
				AD26BA0424224894001B9DFB /* Assets.xcassets */,
				AD26BA0624224894001B9DFB /* LaunchScreen.storyboard */,
				AD26BA0924224894001B9DFB /* Info.plist */,
				AD26BA17242262E8001B9DFB /* Settings.bundle */,
			);
			path = UserDefaultsObserver;
			sourceTree = "<group>";
		};
/* End PBXGroup section */

/* Begin PBXNativeTarget section */
		AD26B9F724224891001B9DFB /* UserDefaultsObserver */ = {
			isa = PBXNativeTarget;
			buildConfigurationList = AD26BA0C24224894001B9DFB /* Build configuration list for PBXNativeTarget "UserDefaultsObserver" */;
			buildPhases = (
				AD26B9F424224891001B9DFB /* Sources */,
				AD26B9F524224891001B9DFB /* Frameworks */,
				AD26B9F624224891001B9DFB /* Resources */,
			);
			buildRules = (
			);
			dependencies = (
			);
			name = UserDefaultsObserver;
			productName = UserDefaultsObserver;
			productReference = AD26B9F824224891001B9DFB /* UserDefaultsObserver.app */;
			productType = "com.apple.product-type.application";
		};
/* End PBXNativeTarget section */

/* Begin PBXProject section */
		AD26B9F024224891001B9DFB /* Project object */ = {
			isa = PBXProject;
			attributes = {
				LastSwiftUpdateCheck = 1130;
				LastUpgradeCheck = 1130;
				ORGANIZATIONNAME = "Hiromu Nakano";
				TargetAttributes = {
					AD26B9F724224891001B9DFB = {
						CreatedOnToolsVersion = 11.3.1;
					};
				};
			};
			buildConfigurationList = AD26B9F324224891001B9DFB /* Build configuration list for PBXProject "UserDefaultsObserver" */;
			compatibilityVersion = "Xcode 9.3";
			developmentRegion = en;
			hasScannedForEncodings = 0;
			knownRegions = (
				en,
				Base,
			);
			mainGroup = AD26B9EF24224891001B9DFB;
			productRefGroup = AD26B9F924224891001B9DFB /* Products */;
			projectDirPath = "";
			projectRoot = "";
			targets = (
				AD26B9F724224891001B9DFB /* UserDefaultsObserver */,
			);
		};
/* End PBXProject section */

/* Begin PBXResourcesBuildPhase section */
		AD26B9F624224891001B9DFB /* Resources */ = {
			isa = PBXResourcesBuildPhase;
			buildActionMask = 2147483647;
			files = (
				AD26BA18242262E8001B9DFB /* Settings.bundle in Resources */,
				AD26BA0824224894001B9DFB /* LaunchScreen.storyboard in Resources */,
				AD26BA0524224894001B9DFB /* Assets.xcassets in Resources */,
				AD26BA0324224891001B9DFB /* Main.storyboard in Resources */,
			);
			runOnlyForDeploymentPostprocessing = 0;
		};
/* End PBXResourcesBuildPhase section */

/* Begin PBXSourcesBuildPhase section */
		AD26B9F424224891001B9DFB /* Sources */ = {
			isa = PBXSourcesBuildPhase;
			buildActionMask = 2147483647;
			files = (
				AD26BA1024224DEE001B9DFB /* SecondViewController.swift in Sources */,
				AD26BA0024224891001B9DFB /* FirstViewController.swift in Sources */,
				AD26BA162422506D001B9DFB /* UserDefaultsRepositories.swift in Sources */,
				AD26BA1224224DFE001B9DFB /* ThirdViewController.swift in Sources */,
				AD26B9FC24224891001B9DFB /* AppDelegate.swift in Sources */,
				AD26BA1424224E09001B9DFB /* ModalViewController.swift in Sources */,
			);
			runOnlyForDeploymentPostprocessing = 0;
		};
/* End PBXSourcesBuildPhase section */

/* Begin PBXVariantGroup section */
		AD26BA0124224891001B9DFB /* Main.storyboard */ = {
			isa = PBXVariantGroup;
			children = (
				AD26BA0224224891001B9DFB /* Base */,
			);
			name = Main.storyboard;
			sourceTree = "<group>";
		};
		AD26BA0624224894001B9DFB /* LaunchScreen.storyboard */ = {
			isa = PBXVariantGroup;
			children = (
				AD26BA0724224894001B9DFB /* Base */,
			);
			name = LaunchScreen.storyboard;
			sourceTree = "<group>";
		};
/* End PBXVariantGroup section */

/* Begin XCBuildConfiguration section */
		AD26BA0A24224894001B9DFB /* Debug */ = {
			isa = XCBuildConfiguration;
			buildSettings = {
				ALWAYS_SEARCH_USER_PATHS = NO;
				CLANG_ANALYZER_NONNULL = YES;
				CLANG_ANALYZER_NUMBER_OBJECT_CONVERSION = YES_AGGRESSIVE;
				CLANG_CXX_LANGUAGE_STANDARD = "gnu++14";
				CLANG_CXX_LIBRARY = "libc++";
				CLANG_ENABLE_MODULES = YES;
				CLANG_ENABLE_OBJC_ARC = YES;
				CLANG_ENABLE_OBJC_WEAK = YES;
				CLANG_WARN_BLOCK_CAPTURE_AUTORELEASING = YES;
				CLANG_WARN_BOOL_CONVERSION = YES;
				CLANG_WARN_COMMA = YES;
				CLANG_WARN_CONSTANT_CONVERSION = YES;
				CLANG_WARN_DEPRECATED_OBJC_IMPLEMENTATIONS = YES;
				CLANG_WARN_DIRECT_OBJC_ISA_USAGE = YES_ERROR;
				CLANG_WARN_DOCUMENTATION_COMMENTS = YES;
				CLANG_WARN_EMPTY_BODY = YES;
				CLANG_WARN_ENUM_CONVERSION = YES;
				CLANG_WARN_INFINITE_RECURSION = YES;
				CLANG_WARN_INT_CONVERSION = YES;
				CLANG_WARN_NON_LITERAL_NULL_CONVERSION = YES;
				CLANG_WARN_OBJC_IMPLICIT_RETAIN_SELF = YES;
				CLANG_WARN_OBJC_LITERAL_CONVERSION = YES;
				CLANG_WARN_OBJC_ROOT_CLASS = YES_ERROR;
				CLANG_WARN_RANGE_LOOP_ANALYSIS = YES;
				CLANG_WARN_STRICT_PROTOTYPES = YES;
				CLANG_WARN_SUSPICIOUS_MOVE = YES;
				CLANG_WARN_UNGUARDED_AVAILABILITY = YES_AGGRESSIVE;
				CLANG_WARN_UNREACHABLE_CODE = YES;
				CLANG_WARN__DUPLICATE_METHOD_MATCH = YES;
				COPY_PHASE_STRIP = NO;
				DEBUG_INFORMATION_FORMAT = dwarf;
				ENABLE_STRICT_OBJC_MSGSEND = YES;
				ENABLE_TESTABILITY = YES;
				GCC_C_LANGUAGE_STANDARD = gnu11;
				GCC_DYNAMIC_NO_PIC = NO;
				GCC_NO_COMMON_BLOCKS = YES;
				GCC_OPTIMIZATION_LEVEL = 0;
				GCC_PREPROCESSOR_DEFINITIONS = (
					"DEBUG=1",
					"$(inherited)",
				);
				GCC_WARN_64_TO_32_BIT_CONVERSION = YES;
				GCC_WARN_ABOUT_RETURN_TYPE = YES_ERROR;
				GCC_WARN_UNDECLARED_SELECTOR = YES;
				GCC_WARN_UNINITIALIZED_AUTOS = YES_AGGRESSIVE;
				GCC_WARN_UNUSED_FUNCTION = YES;
				GCC_WARN_UNUSED_VARIABLE = YES;
				IPHONEOS_DEPLOYMENT_TARGET = 13.2;
				MTL_ENABLE_DEBUG_INFO = INCLUDE_SOURCE;
				MTL_FAST_MATH = YES;
				ONLY_ACTIVE_ARCH = YES;
				SDKROOT = iphoneos;
				SWIFT_ACTIVE_COMPILATION_CONDITIONS = DEBUG;
				SWIFT_OPTIMIZATION_LEVEL = "-Onone";
			};
			name = Debug;
		};
		AD26BA0B24224894001B9DFB /* Release */ = {
			isa = XCBuildConfiguration;
			buildSettings = {
				ALWAYS_SEARCH_USER_PATHS = NO;
				CLANG_ANALYZER_NONNULL = YES;
				CLANG_ANALYZER_NUMBER_OBJECT_CONVERSION = YES_AGGRESSIVE;
				CLANG_CXX_LANGUAGE_STANDARD = "gnu++14";
				CLANG_CXX_LIBRARY = "libc++";
				CLANG_ENABLE_MODULES = YES;
				CLANG_ENABLE_OBJC_ARC = YES;
				CLANG_ENABLE_OBJC_WEAK = YES;
				CLANG_WARN_BLOCK_CAPTURE_AUTORELEASING = YES;
				CLANG_WARN_BOOL_CONVERSION = YES;
				CLANG_WARN_COMMA = YES;
				CLANG_WARN_CONSTANT_CONVERSION = YES;
				CLANG_WARN_DEPRECATED_OBJC_IMPLEMENTATIONS = YES;
				CLANG_WARN_DIRECT_OBJC_ISA_USAGE = YES_ERROR;
				CLANG_WARN_DOCUMENTATION_COMMENTS = YES;
				CLANG_WARN_EMPTY_BODY = YES;
				CLANG_WARN_ENUM_CONVERSION = YES;
				CLANG_WARN_INFINITE_RECURSION = YES;
				CLANG_WARN_INT_CONVERSION = YES;
				CLANG_WARN_NON_LITERAL_NULL_CONVERSION = YES;
				CLANG_WARN_OBJC_IMPLICIT_RETAIN_SELF = YES;
				CLANG_WARN_OBJC_LITERAL_CONVERSION = YES;
				CLANG_WARN_OBJC_ROOT_CLASS = YES_ERROR;
				CLANG_WARN_RANGE_LOOP_ANALYSIS = YES;
				CLANG_WARN_STRICT_PROTOTYPES = YES;
				CLANG_WARN_SUSPICIOUS_MOVE = YES;
				CLANG_WARN_UNGUARDED_AVAILABILITY = YES_AGGRESSIVE;
				CLANG_WARN_UNREACHABLE_CODE = YES;
				CLANG_WARN__DUPLICATE_METHOD_MATCH = YES;
				COPY_PHASE_STRIP = NO;
				DEBUG_INFORMATION_FORMAT = "dwarf-with-dsym";
				ENABLE_NS_ASSERTIONS = NO;
				ENABLE_STRICT_OBJC_MSGSEND = YES;
				GCC_C_LANGUAGE_STANDARD = gnu11;
				GCC_NO_COMMON_BLOCKS = YES;
				GCC_WARN_64_TO_32_BIT_CONVERSION = YES;
				GCC_WARN_ABOUT_RETURN_TYPE = YES_ERROR;
				GCC_WARN_UNDECLARED_SELECTOR = YES;
				GCC_WARN_UNINITIALIZED_AUTOS = YES_AGGRESSIVE;
				GCC_WARN_UNUSED_FUNCTION = YES;
				GCC_WARN_UNUSED_VARIABLE = YES;
				IPHONEOS_DEPLOYMENT_TARGET = 13.2;
				MTL_ENABLE_DEBUG_INFO = NO;
				MTL_FAST_MATH = YES;
				SDKROOT = iphoneos;
				SWIFT_COMPILATION_MODE = wholemodule;
				SWIFT_OPTIMIZATION_LEVEL = "-O";
				VALIDATE_PRODUCT = YES;
			};
			name = Release;
		};
		AD26BA0D24224894001B9DFB /* Debug */ = {
			isa = XCBuildConfiguration;
			buildSettings = {
				ASSETCATALOG_COMPILER_APPICON_NAME = AppIcon;
				CODE_SIGN_STYLE = Automatic;
				DEVELOPMENT_TEAM = 66PKF55HK5;
				INFOPLIST_FILE = UserDefaultsObserver/Info.plist;
				LD_RUNPATH_SEARCH_PATHS = (
					"$(inherited)",
					"@executable_path/Frameworks",
				);
				PRODUCT_BUNDLE_IDENTIFIER = com.nakano.hiromu.UserDefaultsObserver;
				PRODUCT_NAME = "$(TARGET_NAME)";
				SWIFT_VERSION = 5.0;
				TARGETED_DEVICE_FAMILY = "1,2";
			};
			name = Debug;
		};
		AD26BA0E24224894001B9DFB /* Release */ = {
			isa = XCBuildConfiguration;
			buildSettings = {
				ASSETCATALOG_COMPILER_APPICON_NAME = AppIcon;
				CODE_SIGN_STYLE = Automatic;
				DEVELOPMENT_TEAM = 66PKF55HK5;
				INFOPLIST_FILE = UserDefaultsObserver/Info.plist;
				LD_RUNPATH_SEARCH_PATHS = (
					"$(inherited)",
					"@executable_path/Frameworks",
				);
				PRODUCT_BUNDLE_IDENTIFIER = com.nakano.hiromu.UserDefaultsObserver;
				PRODUCT_NAME = "$(TARGET_NAME)";
				SWIFT_VERSION = 5.0;
				TARGETED_DEVICE_FAMILY = "1,2";
			};
			name = Release;
		};
/* End XCBuildConfiguration section */

/* Begin XCConfigurationList section */
		AD26B9F324224891001B9DFB /* Build configuration list for PBXProject "UserDefaultsObserver" */ = {
			isa = XCConfigurationList;
			buildConfigurations = (
				AD26BA0A24224894001B9DFB /* Debug */,
				AD26BA0B24224894001B9DFB /* Release */,
			);
			defaultConfigurationIsVisible = 0;
			defaultConfigurationName = Release;
		};
		AD26BA0C24224894001B9DFB /* Build configuration list for PBXNativeTarget "UserDefaultsObserver" */ = {
			isa = XCConfigurationList;
			buildConfigurations = (
				AD26BA0D24224894001B9DFB /* Debug */,
				AD26BA0E24224894001B9DFB /* Release */,
			);
			defaultConfigurationIsVisible = 0;
			defaultConfigurationName = Release;
		};
/* End XCConfigurationList section */
	};
	rootObject = AD26B9F024224891001B9DFB /* Project object */;
}
